
Microsoft Visual Studio Solution File, Format Version 12.00
# Visual Studio Version 17
VisualStudioVersion = 17.1.32210.238
MinimumVisualStudioVersion = 10.0.40219.1
Project("{FAE04EC0-301F-11D3-BF4B-00C04F79EFBC}") = "FXCapitalApi", "FXCapitalApi.csproj", "{5174752F-3615-441B-8FFE-1AC7BB00244B}"
EndProject
Global
	GlobalSection(SolutionConfigurationPlatforms) = preSolution
		Debug|Any CPU = Debug|Any CPU
		Release|Any CPU = Release|Any CPU
	EndGlobalSection
	GlobalSection(ProjectConfigurationPlatforms) = postSolution
		{5174752F-3615-441B-8FFE-1AC7BB00244B}.Debug|Any CPU.ActiveCfg = Debug|Any CPU
		{5174752F-3615-441B-8FFE-1AC7BB00244B}.Debug|Any CPU.Build.0 = Debug|Any CPU
		{5174752F-3615-441B-8FFE-1AC7BB00244B}.Release|Any CPU.ActiveCfg = Release|Any CPU
		{5174752F-3615-441B-8FFE-1AC7BB00244B}.Release|Any CPU.Build.0 = Release|Any CPU
	EndGlobalSection
	GlobalSection(SolutionProperties) = preSolution
		HideSolutionNode = FALSE
	EndGlobalSection
	GlobalSection(ExtensibilityGlobals) = postSolution
		SolutionGuid = {1050C4AC-42B6-4E7F-8987-1AE933FA827F}
	EndGlobalSection
EndGlobal
